
Microsoft Visual Studio Solution File, Format Version 12.00
# Visual Studio Version 17
VisualStudioVersion = 17.14.36429.23 d17.14
MinimumVisualStudioVersion = 10.0.40219.1
Project("{FAE04EC0-301F-11D3-BF4B-00C04F79EFBC}") = "eft_app_guide", "eft_app_guide\eft_app_guide.csproj", "{7EA01920-DBC7-477A-8561-FD15FF002975}"
EndProject
Global
	GlobalSection(SolutionConfigurationPlatforms) = preSolution
		Debug|Any CPU = Debug|Any CPU
		Release|Any CPU = Release|Any CPU
	EndGlobalSection
	GlobalSection(ProjectConfigurationPlatforms) = postSolution
		{7EA01920-DBC7-477A-8561-FD15FF002975}.Debug|Any CPU.ActiveCfg = Debug|Any CPU
		{7EA01920-DBC7-477A-8561-FD15FF002975}.Debug|Any CPU.Build.0 = Debug|Any CPU
		{7EA01920-DBC7-477A-8561-FD15FF002975}.Release|Any CPU.ActiveCfg = Release|Any CPU
		{7EA01920-DBC7-477A-8561-FD15FF002975}.Release|Any CPU.Build.0 = Release|Any CPU
	EndGlobalSection
	GlobalSection(SolutionProperties) = preSolution
		HideSolutionNode = FALSE
	EndGlobalSection
	GlobalSection(ExtensibilityGlobals) = postSolution
		SolutionGuid = {3F6F0C61-388F-4F26-B027-387C899573D5}
	EndGlobalSection
EndGlobal
